
Microsoft Visual Studio Solution File, Format Version 12.00
# Visual Studio 15
VisualStudioVersion = 15.0.27703.2047
MinimumVisualStudioVersion = 10.0.40219.1
Project("{FAE04EC0-301F-11D3-BF4B-00C04F79EFBC}") = "goalsCSharp", "goalsCSharp\goalsCSharp.csproj", "{FD27FF28-E02A-4CDD-AF1A-45A9584564B6}"
EndProject
Global
	GlobalSection(SolutionConfigurationPlatforms) = preSolution
		Debug|Any CPU = Debug|Any CPU
		Release|Any CPU = Release|Any CPU
	EndGlobalSection
	GlobalSection(ProjectConfigurationPlatforms) = postSolution
		{FD27FF28-E02A-4CDD-AF1A-45A9584564B6}.Debug|Any CPU.ActiveCfg = Debug|Any CPU
		{FD27FF28-E02A-4CDD-AF1A-45A9584564B6}.Debug|Any CPU.Build.0 = Debug|Any CPU
		{FD27FF28-E02A-4CDD-AF1A-45A9584564B6}.Release|Any CPU.ActiveCfg = Release|Any CPU
		{FD27FF28-E02A-4CDD-AF1A-45A9584564B6}.Release|Any CPU.Build.0 = Release|Any CPU
	EndGlobalSection
	GlobalSection(SolutionProperties) = preSolution
		HideSolutionNode = FALSE
	EndGlobalSection
	GlobalSection(ExtensibilityGlobals) = postSolution
		SolutionGuid = {4A589D84-D299-40B9-93B4-D8DB09B1DCC4}
	EndGlobalSection
EndGlobal
